NeoBundleLock emmet-vim 4933347202f595db90099829bfd97df26e9cde11
NeoBundleLock html5.vim 76da614eaf9ec46c1cf67ddc22b85bc7f40e48af
NeoBundleLock neobundle.vim 68ada3fa48ed8f6dd4464e6aecc7a4e51dd02762
NeoBundleLock neocomplcache 778181767467b8f8016828898779a646074d883a
NeoBundleLock neosnippet 1617094a8c9df36d9a505f533b3a2efa44039412
NeoBundleLock neosnippet-snippets 78ac80ea5855766a1d0a6269cdb73b8a821f7206
NeoBundleLock nerdtree bcf3de4fdffae45fc7c85b6b84a01b37177924aa
NeoBundleLock open-browser.vim e17535850b8096b79907df9059fb43c51448f038
NeoBundleLock powerline d78d29c61e1d1d74274c33f4cf57f36b17273058
NeoBundleLock previm b130f24277e3c6a5afa3984921516b0a83b31d28
NeoBundleLock surround.vim 324a8735bb82193a1a413e207dc1aaf60f3a1d82
NeoBundleLock unite.vim d2f9f2e24e42bee65d7ae67d75331e2531209d1e
NeoBundleLock vim-autoclose a9a3b7384657bc1f60a963fd6c08c63fc48d61c3
NeoBundleLock vim-easy-align 1206c65dcb87488900b5ac193965268f0ce2c574
NeoBundleLock vim-markdown 8a709ef28a77629b11769c703c4864133d658947
NeoBundleLock vim-tags 65a745ba545f16867a2281be57492b7c9e639ff1
NeoBundleLock vim-tomorrow-theme f45a2ca260d825b6aee72621f8f6158d815ac472
NeoBundleLock vimproc 9d87064fa9da09c53d928d519254ad1c254aaf87
